
Microsoft Visual Studio Solution File, Format Version 12.00
# Visual Studio 15
VisualStudioVersion = 15.0.27428.2005
MinimumVisualStudioVersion = 10.0.40219.1
Project("{FAE04EC0-301F-11D3-BF4B-00C04F79EFBC}") = "WebAPIWithPS", "WebAPIWithPS\WebAPIWithPS.csproj", "{3CEB90EA-B6A4-4BB5-BFCB-337881B561B4}"
EndProject
Global
	GlobalSection(SolutionConfigurationPlatforms) = preSolution
		Debug|Any CPU = Debug|Any CPU
		Release|Any CPU = Release|Any CPU
	EndGlobalSection
	GlobalSection(ProjectConfigurationPlatforms) = postSolution
		{3CEB90EA-B6A4-4BB5-BFCB-337881B561B4}.Debug|Any CPU.ActiveCfg = Debug|Any CPU
		{3CEB90EA-B6A4-4BB5-BFCB-337881B561B4}.Debug|Any CPU.Build.0 = Debug|Any CPU
		{3CEB90EA-B6A4-4BB5-BFCB-337881B561B4}.Release|Any CPU.ActiveCfg = Release|Any CPU
		{3CEB90EA-B6A4-4BB5-BFCB-337881B561B4}.Release|Any CPU.Build.0 = Release|Any CPU
	EndGlobalSection
	GlobalSection(SolutionProperties) = preSolution
		HideSolutionNode = FALSE
	EndGlobalSection
	GlobalSection(ExtensibilityGlobals) = postSolution
		SolutionGuid = {52BCD545-3E96-4525-8F0C-F6B14623442B}
	EndGlobalSection
EndGlobal
